
Microsoft Visual Studio Solution File, Format Version 12.00
# Visual Studio Version 17
VisualStudioVersion = 17.8.34309.116
MinimumVisualStudioVersion = 10.0.40219.1
Project("{FAE04EC0-301F-11D3-BF4B-00C04F79EFBC}") = "MVC omroep flevoland chat frontend", "MVC omroep flevoland chat frontend\MVC omroep flevoland chat frontend.csproj", "{A75E6E67-57FC-4492-B411-EC1DDCDD01EE}"
EndProject
Global
	GlobalSection(SolutionConfigurationPlatforms) = preSolution
		Debug|Any CPU = Debug|Any CPU
		Release|Any CPU = Release|Any CPU
	EndGlobalSection
	GlobalSection(ProjectConfigurationPlatforms) = postSolution
		{A75E6E67-57FC-4492-B411-EC1DDCDD01EE}.Debug|Any CPU.ActiveCfg = Debug|Any CPU
		{A75E6E67-57FC-4492-B411-EC1DDCDD01EE}.Debug|Any CPU.Build.0 = Debug|Any CPU
		{A75E6E67-57FC-4492-B411-EC1DDCDD01EE}.Release|Any CPU.ActiveCfg = Release|Any CPU
		{A75E6E67-57FC-4492-B411-EC1DDCDD01EE}.Release|Any CPU.Build.0 = Release|Any CPU
	EndGlobalSection
	GlobalSection(SolutionProperties) = preSolution
		HideSolutionNode = FALSE
	EndGlobalSection
	GlobalSection(ExtensibilityGlobals) = postSolution
		SolutionGuid = {C2F10BD6-9501-4B23-81E4-EBEEF0C11C1C}
	EndGlobalSection
EndGlobal
